{
  "lockfile_version": "1",
  "packages": {
    "github:NixOS/nixpkgs/nixpkgs-unstable": {
      "last_modified": "2025-09-25T01:21:52Z",
      "resolved": "github:NixOS/nixpkgs/e57b3b16ad8758fd681511a078f35c416a8cc939?lastModified=1758763312&narHash=sha256-puBMviZhYlqOdUUgEmMVJpXqC%2FToEqSvkyZ30qQ09xM%3D"
    },
    "go@latest": {
      "last_modified": "2025-05-16T20:19:48Z",
      "resolved": "github:NixOS/nixpkgs/12a55407652e04dcf2309436eb06fef0d3713ef3#go",
      "source": "devbox-search",
      "version": "1.24.3",
      "systems": {
        "aarch64-darwin": {
          "outputs": [
            {
              "name": "out",
              "path": "/nix/store/ps3admpzmc1ryvn9q7sw5xfd94dkrb3f-go-1.24.3",
              "default": true
            }
          ],
          "store_path": "/nix/store/ps3admpzmc1ryvn9q7sw5xfd94dkrb3f-go-1.24.3"
        },
        "aarch64-linux": {
          "outputs": [
            {
              "name": "out",
              "path": "/nix/store/45bnqhyyq40p91k3cjw0farx3hn1swx6-go-1.24.3",
              "default": true
            }
          ],
          "store_path": "/nix/store/45bnqhyyq40p91k3cjw0farx3hn1swx6-go-1.24.3"
        },
        "x86_64-darwin": {
          "outputs": [
            {
              "name": "out",
              "path": "/nix/store/9z2kb6hxij7pqi0fgcn9ijhpb7ajpazs-go-1.24.3",
              "default": true
            }
          ],
          "store_path": "/nix/store/9z2kb6hxij7pqi0fgcn9ijhpb7ajpazs-go-1.24.3"
        },
        "x86_64-linux": {
          "outputs": [
            {
              "name": "out",
              "path": "/nix/store/5xvi25nqmbrg58aixp4zgczilfnp7pwg-go-1.24.3",
              "default": true
            }
          ],
          "store_path": "/nix/store/5xvi25nqmbrg58aixp4zgczilfnp7pwg-go-1.24.3"
        }
      }
    },
    "hugo@latest": {
      "last_modified": "2025-05-16T20:19:48Z",
      "resolved": "github:NixOS/nixpkgs/12a55407652e04dcf2309436eb06fef0d3713ef3#hugo",
      "source": "devbox-search",
      "version": "0.147.3",
      "systems": {
        "aarch64-darwin": {
          "outputs": [
            {
              "name": "out",
              "path": "/nix/store/2wcphqjdn02ym0ps4jj9rimakxffjkhh-hugo-0.147.3",
              "default": true
            }
          ],
          "store_path": "/nix/store/2wcphqjdn02ym0ps4jj9rimakxffjkhh-hugo-0.147.3"
        },
        "aarch64-linux": {
          "outputs": [
            {
              "name": "out",
              "path": "/nix/store/msavmv3qsw5dxbffdinl8r6gabljc3lq-hugo-0.147.3",
              "default": true
            }
          ],
          "store_path": "/nix/store/msavmv3qsw5dxbffdinl8r6gabljc3lq-hugo-0.147.3"
        },
        "x86_64-darwin": {
          "outputs": [
            {
              "name": "out",
              "path": "/nix/store/ahhy6049rlifzxr2y5azy2mnvpqpbk32-hugo-0.147.3",
              "default": true
            }
          ],
          "store_path": "/nix/store/ahhy6049rlifzxr2y5azy2mnvpqpbk32-hugo-0.147.3"
        },
        "x86_64-linux": {
          "outputs": [
            {
              "name": "out",
              "path": "/nix/store/i9xazh3hcy7q364vns26c19jwqv6xgik-hugo-0.147.3",
              "default": true
            }
          ],
          "store_path": "/nix/store/i9xazh3hcy7q364vns26c19jwqv6xgik-hugo-0.147.3"
        }
      }
    }
  }
}
